
Microsoft Visual Studio Solution File, Format Version 12.00
# Visual Studio Version 17
VisualStudioVersion = 17.10.35013.160
MinimumVisualStudioVersion = 10.0.40219.1
Project("{FAE04EC0-301F-11D3-BF4B-00C04F79EFBC}") = "RecipeManagementApp", "RecipeManagementApp\RecipeManagementApp.csproj", "{94311858-AF7A-4AE1-8680-39AC10384A19}"
EndProject
Global
	GlobalSection(SolutionConfigurationPlatforms) = preSolution
		Debug|Any CPU = Debug|Any CPU
		Release|Any CPU = Release|Any CPU
	EndGlobalSection
	GlobalSection(ProjectConfigurationPlatforms) = postSolution
		{94311858-AF7A-4AE1-8680-39AC10384A19}.Debug|Any CPU.ActiveCfg = Debug|Any CPU
		{94311858-AF7A-4AE1-8680-39AC10384A19}.Debug|Any CPU.Build.0 = Debug|Any CPU
		{94311858-AF7A-4AE1-8680-39AC10384A19}.Release|Any CPU.ActiveCfg = Release|Any CPU
		{94311858-AF7A-4AE1-8680-39AC10384A19}.Release|Any CPU.Build.0 = Release|Any CPU
	EndGlobalSection
	GlobalSection(SolutionProperties) = preSolution
		HideSolutionNode = FALSE
	EndGlobalSection
	GlobalSection(ExtensibilityGlobals) = postSolution
		SolutionGuid = {FAFC78C8-9291-4F63-BE88-AB936FB75703}
	EndGlobalSection
EndGlobal
